
Microsoft Visual Studio Solution File, Format Version 12.00
# Visual Studio Version 16
VisualStudioVersion = 16.0.31112.23
MinimumVisualStudioVersion = 10.0.40219.1
Project("{FAE04EC0-301F-11D3-BF4B-00C04F79EFBC}") = "CORE_KSP", "CORE_KSP\CORE_KSP.csproj", "{C627E34E-F81B-4027-A525-C434E22742A5}"
EndProject
Project("{FAE04EC0-301F-11D3-BF4B-00C04F79EFBC}") = "FRONT_KSP", "FRONT_KSP\FRONT_KSP.csproj", "{A9357402-614B-4B1F-8E44-146ED3D2C02B}"
EndProject
Global
	GlobalSection(SolutionConfigurationPlatforms) = preSolution
		Debug|Any CPU = Debug|Any CPU
		Release|Any CPU = Release|Any CPU
	EndGlobalSection
	GlobalSection(ProjectConfigurationPlatforms) = postSolution
		{C627E34E-F81B-4027-A525-C434E22742A5}.Debug|Any CPU.ActiveCfg = Debug|Any CPU
		{C627E34E-F81B-4027-A525-C434E22742A5}.Debug|Any CPU.Build.0 = Debug|Any CPU
		{C627E34E-F81B-4027-A525-C434E22742A5}.Release|Any CPU.ActiveCfg = Release|Any CPU
		{C627E34E-F81B-4027-A525-C434E22742A5}.Release|Any CPU.Build.0 = Release|Any CPU
		{A9357402-614B-4B1F-8E44-146ED3D2C02B}.Debug|Any CPU.ActiveCfg = Debug|Any CPU
		{A9357402-614B-4B1F-8E44-146ED3D2C02B}.Debug|Any CPU.Build.0 = Debug|Any CPU
		{A9357402-614B-4B1F-8E44-146ED3D2C02B}.Release|Any CPU.ActiveCfg = Release|Any CPU
		{A9357402-614B-4B1F-8E44-146ED3D2C02B}.Release|Any CPU.Build.0 = Release|Any CPU
	EndGlobalSection
	GlobalSection(SolutionProperties) = preSolution
		HideSolutionNode = FALSE
	EndGlobalSection
	GlobalSection(ExtensibilityGlobals) = postSolution
		SolutionGuid = {F81791DF-5709-4C2A-B16C-9E81CE9DACAF}
	EndGlobalSection
EndGlobal
